// !$*UTF8*$!
{
	archiveVersion = 1;
	classes = {
	};
	objectVersion = 77;
	objects = {

/* Begin PBXContainerItemProxy section */
		28A1A2E42FBED7BE003EBF0B /* PBXContainerItemProxy */ = {
			isa = PBXContainerItemProxy;
			containerPortal = 28A1A2CB2FBED7BD003EBF0B /* Project object */;
			proxyType = 1;
			remoteGlobalIDString = 28A1A2D22FBED7BD003EBF0B;
			remoteInfo = Markeet;
		};
		28A1A2EE2FBED7BE003EBF0B /* PBXContainerItemProxy */ = {
			isa = PBXContainerItemProxy;
			containerPortal = 28A1A2CB2FBED7BD003EBF0B /* Project object */;
			proxyType = 1;
			remoteGlobalIDString = 28A1A2D22FBED7BD003EBF0B;
			remoteInfo = Markeet;
		};
/* End PBXContainerItemProxy section */

/* Begin PBXFileReference section */
		28A1A2D32FBED7BD003EBF0B /* Markeet.app */ = {isa = PBXFileReference; explicitFileType = wrapper.application; includeInIndex = 0; path = Markeet.app; sourceTree = BUILT_PRODUCTS_DIR; };
		28A1A2E32FBED7BE003EBF0B /* MarkeetTests.xctest */ = {isa = PBXFileReference; explicitFileType = wrapper.cfbundle; includeInIndex = 0; path = MarkeetTests.xctest; sourceTree = BUILT_PRODUCTS_DIR; };
		28A1A2ED2FBED7BE003EBF0B /* MarkeetUITests.xctest */ = {isa = PBXFileReference; explicitFileType = wrapper.cfbundle; includeInIndex = 0; path = MarkeetUITests.xctest; sourceTree = BUILT_PRODUCTS_DIR; };
/* End PBXFileReference section */

/* Begin PBXFileSystemSynchronizedRootGroup section */
		28A1A2D52FBED7BD003EBF0B /* Markeet */ = {
			isa = PBXFileSystemSynchronizedRootGroup;
			path = Markeet;
			sourceTree = "<group>";
		};
		28A1A2E62FBED7BE003EBF0B /* MarkeetTests */ = {
			isa = PBXFileSystemSynchronizedRootGroup;
			path = MarkeetTests;
			sourceTree = "<group>";
		};
		28A1A2F02FBED7BE003EBF0B /* MarkeetUITests */ = {
			isa = PBXFileSystemSynchronizedRootGroup;
			path = MarkeetUITests;
			sourceTree = "<group>";
		};
/* End PBXFileSystemSynchronizedRootGroup section */

/* Begin PBXFrameworksBuildPhase section */
		28A1A2D02FBED7BD003EBF0B /* Frameworks */ = {
			isa = PBXFrameworksBuildPhase;
			buildActionMask = 2147483647;
			files = (
			);
			runOnlyForDeploymentPostprocessing = 0;
		};
		28A1A2E02FBED7BE003EBF0B /* Frameworks */ = {
			isa = PBXFrameworksBuildPhase;
			buildActionMask = 2147483647;
			files = (
			);
			runOnlyForDeploymentPostprocessing = 0;
		};
		28A1A2EA2FBED7BE003EBF0B /* Frameworks */ = {
			isa = PBXFrameworksBuildPhase;
			buildActionMask = 2147483647;
			files = (
			);
			runOnlyForDeploymentPostprocessing = 0;
		};
/* End PBXFrameworksBuildPhase section */

/* Begin PBXGroup section */
		28A1A2CA2FBED7BD003EBF0B = {
			isa = PBXGroup;
			children = (
				28A1A2D52FBED7BD003EBF0B /* Markeet */,
				28A1A2E62FBED7BE003EBF0B /* MarkeetTests */,
				28A1A2F02FBED7BE003EBF0B /* MarkeetUITests */,
				28A1A2D42FBED7BD003EBF0B /* Products */,
			);
			sourceTree = "<group>";
		};
		28A1A2D42FBED7BD003EBF0B /* Products */ = {
			isa = PBXGroup;
			children = (
				28A1A2D32FBED7BD003EBF0B /* Markeet.app */,
				28A1A2E32FBED7BE003EBF0B /* MarkeetTests.xctest */,
				28A1A2ED2FBED7BE003EBF0B /* MarkeetUITests.xctest */,
			);
			name = Products;
			sourceTree = "<group>";
		};
/* End PBXGroup section */

/* Begin PBXNativeTarget section */
		28A1A2D22FBED7BD003EBF0B /* Markeet */ = {
			isa = PBXNativeTarget;
			buildConfigurationList = 28A1A2F72FBED7BE003EBF0B /* Build configuration list for PBXNativeTarget "Markeet" */;
			buildPhases = (
				28A1A2CF2FBED7BD003EBF0B /* Sources */,
				28A1A2D02FBED7BD003EBF0B /* Frameworks */,
				28A1A2D12FBED7BD003EBF0B /* Resources */,
			);
			buildRules = (
			);
			dependencies = (
			);
			fileSystemSynchronizedGroups = (
				28A1A2D52FBED7BD003EBF0B /* Markeet */,
			);
			name = Markeet;
			packageProductDependencies = (
			);
			productName = Markeet;
			productReference = 28A1A2D32FBED7BD003EBF0B /* Markeet.app */;
			productType = "com.apple.product-type.application";
		};
		28A1A2E22FBED7BE003EBF0B /* MarkeetTests */ = {
			isa = PBXNativeTarget;
			buildConfigurationList = 28A1A2FA2FBED7BE003EBF0B /* Build configuration list for PBXNativeTarget "MarkeetTests" */;
			buildPhases = (
				28A1A2DF2FBED7BE003EBF0B /* Sources */,
				28A1A2E02FBED7BE003EBF0B /* Frameworks */,
				28A1A2E12FBED7BE003EBF0B /* Resources */,
			);
			buildRules = (
			);
			dependencies = (
				28A1A2E52FBED7BE003EBF0B /* PBXTargetDependency */,
			);
			fileSystemSynchronizedGroups = (
				28A1A2E62FBED7BE003EBF0B /* MarkeetTests */,
			);
			name = MarkeetTests;
			packageProductDependencies = (
			);
			productName = MarkeetTests;
			productReference = 28A1A2E32FBED7BE003EBF0B /* MarkeetTests.xctest */;
			productType = "com.apple.product-type.bundle.unit-test";
		};
		28A1A2EC2FBED7BE003EBF0B /* MarkeetUITests */ = {
			isa = PBXNativeTarget;
			buildConfigurationList = 28A1A2FD2FBED7BE003EBF0B /* Build configuration list for PBXNativeTarget "MarkeetUITests" */;
			buildPhases = (
				28A1A2E92FBED7BE003EBF0B /* Sources */,
				28A1A2EA2FBED7BE003EBF0B /* Frameworks */,
				28A1A2EB2FBED7BE003EBF0B /* Resources */,
			);
			buildRules = (
			);
			dependencies = (
				28A1A2EF2FBED7BE003EBF0B /* PBXTargetDependency */,
			);
			fileSystemSynchronizedGroups = (
				28A1A2F02FBED7BE003EBF0B /* MarkeetUITests */,
			);
			name = MarkeetUITests;
			packageProductDependencies = (
			);
			productName = MarkeetUITests;
			productReference = 28A1A2ED2FBED7BE003EBF0B /* MarkeetUITests.xctest */;
			productType = "com.apple.product-type.bundle.ui-testing";
		};
/* End PBXNativeTarget section */

/* Begin PBXProject section */
		28A1A2CB2FBED7BD003EBF0B /* Project object */ = {
			isa = PBXProject;
			attributes = {
				BuildIndependentTargetsInParallel = 1;
				LastSwiftUpdateCheck = 1620;
				LastUpgradeCheck = 1620;
				TargetAttributes = {
					28A1A2D22FBED7BD003EBF0B = {
						CreatedOnToolsVersion = 16.2;
					};
					28A1A2E22FBED7BE003EBF0B = {
						CreatedOnToolsVersion = 16.2;
						TestTargetID = 28A1A2D22FBED7BD003EBF0B;
					};
					28A1A2EC2FBED7BE003EBF0B = {
						CreatedOnToolsVersion = 16.2;
						TestTargetID = 28A1A2D22FBED7BD003EBF0B;
					};
				};
			};
			buildConfigurationList = 28A1A2CE2FBED7BD003EBF0B /* Build configuration list for PBXProject "Markeet" */;
			developmentRegion = en;
			hasScannedForEncodings = 0;
			knownRegions = (
				en,
				Base,
			);
			mainGroup = 28A1A2CA2FBED7BD003EBF0B;
			minimizedProjectReferenceProxies = 1;
			preferredProjectObjectVersion = 77;
			productRefGroup = 28A1A2D42FBED7BD003EBF0B /* Products */;
			projectDirPath = "";
			projectRoot = "";
			targets = (
				28A1A2D22FBED7BD003EBF0B /* Markeet */,
				28A1A2E22FBED7BE003EBF0B /* MarkeetTests */,
				28A1A2EC2FBED7BE003EBF0B /* MarkeetUITests */,
			);
		};
/* End PBXProject section */

/* Begin PBXResourcesBuildPhase section */
		28A1A2D12FBED7BD003EBF0B /* Resources */ = {
			isa = PBXResourcesBuildPhase;
			buildActionMask = 2147483647;
			files = (
			);
			runOnlyForDeploymentPostprocessing = 0;
		};
		28A1A2E12FBED7BE003EBF0B /* Resources */ = {
			isa = PBXResourcesBuildPhase;
			buildActionMask = 2147483647;
			files = (
			);
			runOnlyForDeploymentPostprocessing = 0;
		};
		28A1A2EB2FBED7BE003EBF0B /* Resources */ = {
			isa = PBXResourcesBuildPhase;
			buildActionMask = 2147483647;
			files = (
			);
			runOnlyForDeploymentPostprocessing = 0;
		};
/* End PBXResourcesBuildPhase section */

/* Begin PBXSourcesBuildPhase section */
		28A1A2CF2FBED7BD003EBF0B /* Sources */ = {
			isa = PBXSourcesBuildPhase;
			buildActionMask = 2147483647;
			files = (
			);
			runOnlyForDeploymentPostprocessing = 0;
		};
		28A1A2DF2FBED7BE003EBF0B /* Sources */ = {
			isa = PBXSourcesBuildPhase;
			buildActionMask = 2147483647;
			files = (
			);
			runOnlyForDeploymentPostprocessing = 0;
		};
		28A1A2E92FBED7BE003EBF0B /* Sources */ = {
			isa = PBXSourcesBuildPhase;
			buildActionMask = 2147483647;
			files = (
			);
			runOnlyForDeploymentPostprocessing = 0;
		};
/* End PBXSourcesBuildPhase section */

/* Begin PBXTargetDependency section */
		28A1A2E52FBED7BE003EBF0B /* PBXTargetDependency */ = {
			isa = PBXTargetDependency;
			target = 28A1A2D22FBED7BD003EBF0B /* Markeet */;
			targetProxy = 28A1A2E42FBED7BE003EBF0B /* PBXContainerItemProxy */;
		};
		28A1A2EF2FBED7BE003EBF0B /* PBXTargetDependency */ = {
			isa = PBXTargetDependency;
			target = 28A1A2D22FBED7BD003EBF0B /* Markeet */;
			targetProxy = 28A1A2EE2FBED7BE003EBF0B /* PBXContainerItemProxy */;
		};
/* End PBXTargetDependency section */

/* Begin XCBuildConfiguration section */
		28A1A2F52FBED7BE003EBF0B /* Debug */ = {
			isa = XCBuildConfiguration;
			buildSettings = {
				ALWAYS_SEARCH_USER_PATHS = NO;
				ASSETCATALOG_COMPILER_GENERATE_SWIFT_ASSET_SYMBOL_EXTENSIONS = YES;
				CLANG_ANALYZER_NONNULL = YES;
				CLANG_ANALYZER_NUMBER_OBJECT_CONVERSION = YES_AGGRESSIVE;
				CLANG_CXX_LANGUAGE_STANDARD = "gnu++20";
				CLANG_ENABLE_MODULES = YES;
				CLANG_ENABLE_OBJC_ARC = YES;
				CLANG_ENABLE_OBJC_WEAK = YES;
				CLANG_WARN_BLOCK_CAPTURE_AUTORELEASING = YES;
				CLANG_WARN_BOOL_CONVERSION = YES;
				CLANG_WARN_COMMA = YES;
				CLANG_WARN_CONSTANT_CONVERSION = YES;
				CLANG_WARN_DEPRECATED_OBJC_IMPLEMENTATIONS = YES;
				CLANG_WARN_DIRECT_OBJC_ISA_USAGE = YES_ERROR;
				CLANG_WARN_DOCUMENTATION_COMMENTS = YES;
				CLANG_WARN_EMPTY_BODY = YES;
				CLANG_WARN_ENUM_CONVERSION = YES;
				CLANG_WARN_INFINITE_RECURSION = YES;
				CLANG_WARN_INT_CONVERSION = YES;
				CLANG_WARN_NON_LITERAL_NULL_CONVERSION = YES;
				CLANG_WARN_OBJC_IMPLICIT_RETAIN_SELF = YES;
				CLANG_WARN_OBJC_LITERAL_CONVERSION = YES;
				CLANG_WARN_OBJC_ROOT_CLASS = YES_ERROR;
				CLANG_WARN_QUOTED_INCLUDE_IN_FRAMEWORK_HEADER = YES;
				CLANG_WARN_RANGE_LOOP_ANALYSIS = YES;
				CLANG_WARN_STRICT_PROTOTYPES = YES;
				CLANG_WARN_SUSPICIOUS_MOVE = YES;
				CLANG_WARN_UNGUARDED_AVAILABILITY = YES_AGGRESSIVE;
				CLANG_WARN_UNREACHABLE_CODE = YES;
				CLANG_WARN__DUPLICATE_METHOD_MATCH = YES;
				COPY_PHASE_STRIP = NO;
				DEBUG_INFORMATION_FORMAT = dwarf;
				ENABLE_STRICT_OBJC_MSGSEND = YES;
				ENABLE_TESTABILITY = YES;
				ENABLE_USER_SCRIPT_SANDBOXING = YES;
				GCC_C_LANGUAGE_STANDARD = gnu17;
				GCC_DYNAMIC_NO_PIC = NO;
				GCC_NO_COMMON_BLOCKS = YES;
				GCC_OPTIMIZATION_LEVEL = 0;
				GCC_PREPROCESSOR_DEFINITIONS = (
					"DEBUG=1",
					"$(inherited)",
				);
				GCC_WARN_64_TO_32_BIT_CONVERSION = YES;
				GCC_WARN_ABOUT_RETURN_TYPE = YES_ERROR;
				GCC_WARN_UNDECLARED_SELECTOR = YES;
				GCC_WARN_UNINITIALIZED_AUTOS = YES_AGGRESSIVE;
				GCC_WARN_UNUSED_FUNCTION = YES;
				GCC_WARN_UNUSED_VARIABLE = YES;
				IPHONEOS_DEPLOYMENT_TARGET = 18.2;
				LOCALIZATION_PREFERS_STRING_CATALOGS = YES;
				MTL_ENABLE_DEBUG_INFO = INCLUDE_SOURCE;
				MTL_FAST_MATH = YES;
				ONLY_ACTIVE_ARCH = YES;
				SDKROOT = iphoneos;
				SWIFT_ACTIVE_COMPILATION_CONDITIONS = "DEBUG $(inherited)";
				SWIFT_OPTIMIZATION_LEVEL = "-Onone";
			};
			name = Debug;
		};
		28A1A2F62FBED7BE003EBF0B /* Release */ = {
			isa = XCBuildConfiguration;
			buildSettings = {
				ALWAYS_SEARCH_USER_PATHS = NO;
				ASSETCATALOG_COMPILER_GENERATE_SWIFT_ASSET_SYMBOL_EXTENSIONS = YES;
				CLANG_ANALYZER_NONNULL = YES;
				CLANG_ANALYZER_NUMBER_OBJECT_CONVERSION = YES_AGGRESSIVE;
				CLANG_CXX_LANGUAGE_STANDARD = "gnu++20";
				CLANG_ENABLE_MODULES = YES;
				CLANG_ENABLE_OBJC_ARC = YES;
				CLANG_ENABLE_OBJC_WEAK = YES;
				CLANG_WARN_BLOCK_CAPTURE_AUTORELEASING = YES;
				CLANG_WARN_BOOL_CONVERSION = YES;
				CLANG_WARN_COMMA = YES;
				CLANG_WARN_CONSTANT_CONVERSION = YES;
				CLANG_WARN_DEPRECATED_OBJC_IMPLEMENTATIONS = YES;
				CLANG_WARN_DIRECT_OBJC_ISA_USAGE = YES_ERROR;
				CLANG_WARN_DOCUMENTATION_COMMENTS = YES;
				CLANG_WARN_EMPTY_BODY = YES;
				CLANG_WARN_ENUM_CONVERSION = YES;
				CLANG_WARN_INFINITE_RECURSION = YES;
				CLANG_WARN_INT_CONVERSION = YES;
				CLANG_WARN_NON_LITERAL_NULL_CONVERSION = YES;
				CLANG_WARN_OBJC_IMPLICIT_RETAIN_SELF = YES;
				CLANG_WARN_OBJC_LITERAL_CONVERSION = YES;
				CLANG_WARN_OBJC_ROOT_CLASS = YES_ERROR;
				CLANG_WARN_QUOTED_INCLUDE_IN_FRAMEWORK_HEADER = YES;
				CLANG_WARN_RANGE_LOOP_ANALYSIS = YES;
				CLANG_WARN_STRICT_PROTOTYPES = YES;
				CLANG_WARN_SUSPICIOUS_MOVE = YES;
				CLANG_WARN_UNGUARDED_AVAILABILITY = YES_AGGRESSIVE;
				CLANG_WARN_UNREACHABLE_CODE = YES;
				CLANG_WARN__DUPLICATE_METHOD_MATCH = YES;
				COPY_PHASE_STRIP = NO;
				DEBUG_INFORMATION_FORMAT = "dwarf-with-dsym";
				ENABLE_NS_ASSERTIONS = NO;
				ENABLE_STRICT_OBJC_MSGSEND = YES;
				ENABLE_USER_SCRIPT_SANDBOXING = YES;
				GCC_C_LANGUAGE_STANDARD = gnu17;
				GCC_NO_COMMON_BLOCKS = YES;
				GCC_WARN_64_TO_32_BIT_CONVERSION = YES;
				GCC_WARN_ABOUT_RETURN_TYPE = YES_ERROR;
				GCC_WARN_UNDECLARED_SELECTOR = YES;
				GCC_WARN_UNINITIALIZED_AUTOS = YES_AGGRESSIVE;
				GCC_WARN_UNUSED_FUNCTION = YES;
				GCC_WARN_UNUSED_VARIABLE = YES;
				IPHONEOS_DEPLOYMENT_TARGET = 18.2;
				LOCALIZATION_PREFERS_STRING_CATALOGS = YES;
				MTL_ENABLE_DEBUG_INFO = NO;
				MTL_FAST_MATH = YES;
				SDKROOT = iphoneos;
				SWIFT_COMPILATION_MODE = wholemodule;
				VALIDATE_PRODUCT = YES;
			};
			name = Release;
		};
		28A1A2F82FBED7BE003EBF0B /* Debug */ = {
			isa = XCBuildConfiguration;
			buildSettings = {
				ASSETCATALOG_COMPILER_APPICON_NAME = AppIcon;
				ASSETCATALOG_COMPILER_GLOBAL_ACCENT_COLOR_NAME = AccentColor;
				CODE_SIGN_STYLE = Automatic;
				CURRENT_PROJECT_VERSION = 1;
				DEVELOPMENT_ASSET_PATHS = "\"Markeet/Preview Content\"";
				ENABLE_PREVIEWS = YES;
				GENERATE_INFOPLIST_FILE = YES;
				INFOPLIST_KEY_UIApplicationSceneManifest_Generation = YES;
				INFOPLIST_KEY_UIApplicationSupportsIndirectInputEvents = YES;
				INFOPLIST_KEY_UILaunchScreen_Generation = YES;
				INFOPLIST_KEY_UISupportedInterfaceOrientations_iPad = "UIInterfaceOrientationPortrait UIInterfaceOrientationPortraitUpsideDown UIInterfaceOrientationLandscapeLeft UIInterfaceOrientationLandscapeRight";
				INFOPLIST_KEY_UISupportedInterfaceOrientations_iPhone = "UIInterfaceOrientationPortrait UIInterfaceOrientationLandscapeLeft UIInterfaceOrientationLandscapeRight";
				LD_RUNPATH_SEARCH_PATHS = (
					"$(inherited)",
					"@executable_path/Frameworks",
				);
				MARKETING_VERSION = 1.0;
				PRODUCT_BUNDLE_IDENTIFIER = jefferson.Markeet;
				PRODUCT_NAME = "$(TARGET_NAME)";
				SWIFT_EMIT_LOC_STRINGS = YES;
				SWIFT_VERSION = 5.0;
				TARGETED_DEVICE_FAMILY = "1,2";
			};
			name = Debug;
		};
		28A1A2F92FBED7BE003EBF0B /* Release */ = {
			isa = XCBuildConfiguration;
			buildSettings = {
				ASSETCATALOG_COMPILER_APPICON_NAME = AppIcon;
				ASSETCATALOG_COMPILER_GLOBAL_ACCENT_COLOR_NAME = AccentColor;
				CODE_SIGN_STYLE = Automatic;
				CURRENT_PROJECT_VERSION = 1;
				DEVELOPMENT_ASSET_PATHS = "\"Markeet/Preview Content\"";
				ENABLE_PREVIEWS = YES;
				GENERATE_INFOPLIST_FILE = YES;
				INFOPLIST_KEY_UIApplicationSceneManifest_Generation = YES;
				INFOPLIST_KEY_UIApplicationSupportsIndirectInputEvents = YES;
				INFOPLIST_KEY_UILaunchScreen_Generation = YES;
				INFOPLIST_KEY_UISupportedInterfaceOrientations_iPad = "UIInterfaceOrientationPortrait UIInterfaceOrientationPortraitUpsideDown UIInterfaceOrientationLandscapeLeft UIInterfaceOrientationLandscapeRight";
				INFOPLIST_KEY_UISupportedInterfaceOrientations_iPhone = "UIInterfaceOrientationPortrait UIInterfaceOrientationLandscapeLeft UIInterfaceOrientationLandscapeRight";
				LD_RUNPATH_SEARCH_PATHS = (
					"$(inherited)",
					"@executable_path/Frameworks",
				);
				MARKETING_VERSION = 1.0;
				PRODUCT_BUNDLE_IDENTIFIER = jefferson.Markeet;
				PRODUCT_NAME = "$(TARGET_NAME)";
				SWIFT_EMIT_LOC_STRINGS = YES;
				SWIFT_VERSION = 5.0;
				TARGETED_DEVICE_FAMILY = "1,2";
			};
			name = Release;
		};
		28A1A2FB2FBED7BE003EBF0B /* Debug */ = {
			isa = XCBuildConfiguration;
			buildSettings = {
				BUNDLE_LOADER = "$(TEST_HOST)";
				CODE_SIGN_STYLE = Automatic;
				CURRENT_PROJECT_VERSION = 1;
				GENERATE_INFOPLIST_FILE = YES;
				IPHONEOS_DEPLOYMENT_TARGET = 18.2;
				MARKETING_VERSION = 1.0;
				PRODUCT_BUNDLE_IDENTIFIER = jefferson.MarkeetTests;
				PRODUCT_NAME = "$(TARGET_NAME)";
				SWIFT_EMIT_LOC_STRINGS = NO;
				SWIFT_VERSION = 5.0;
				TARGETED_DEVICE_FAMILY = "1,2";
				TEST_HOST = "$(BUILT_PRODUCTS_DIR)/Markeet.app/$(BUNDLE_EXECUTABLE_FOLDER_PATH)/Markeet";
			};
			name = Debug;
		};
		28A1A2FC2FBED7BE003EBF0B /* Release */ = {
			isa = XCBuildConfiguration;
			buildSettings = {
				BUNDLE_LOADER = "$(TEST_HOST)";
				CODE_SIGN_STYLE = Automatic;
				CURRENT_PROJECT_VERSION = 1;
				GENERATE_INFOPLIST_FILE = YES;
				IPHONEOS_DEPLOYMENT_TARGET = 18.2;
				MARKETING_VERSION = 1.0;
				PRODUCT_BUNDLE_IDENTIFIER = jefferson.MarkeetTests;
				PRODUCT_NAME = "$(TARGET_NAME)";
				SWIFT_EMIT_LOC_STRINGS = NO;
				SWIFT_VERSION = 5.0;
				TARGETED_DEVICE_FAMILY = "1,2";
				TEST_HOST = "$(BUILT_PRODUCTS_DIR)/Markeet.app/$(BUNDLE_EXECUTABLE_FOLDER_PATH)/Markeet";
			};
			name = Release;
		};
		28A1A2FE2FBED7BE003EBF0B /* Debug */ = {
			isa = XCBuildConfiguration;
			buildSettings = {
				CODE_SIGN_STYLE = Automatic;
				CURRENT_PROJECT_VERSION = 1;
				GENERATE_INFOPLIST_FILE = YES;
				MARKETING_VERSION = 1.0;
				PRODUCT_BUNDLE_IDENTIFIER = jefferson.MarkeetUITests;
				PRODUCT_NAME = "$(TARGET_NAME)";
				SWIFT_EMIT_LOC_STRINGS = NO;
				SWIFT_VERSION = 5.0;
				TARGETED_DEVICE_FAMILY = "1,2";
				TEST_TARGET_NAME = Markeet;
			};
			name = Debug;
		};
		28A1A2FF2FBED7BE003EBF0B /* Release */ = {
			isa = XCBuildConfiguration;
			buildSettings = {
				CODE_SIGN_STYLE = Automatic;
				CURRENT_PROJECT_VERSION = 1;
				GENERATE_INFOPLIST_FILE = YES;
				MARKETING_VERSION = 1.0;
				PRODUCT_BUNDLE_IDENTIFIER = jefferson.MarkeetUITests;
				PRODUCT_NAME = "$(TARGET_NAME)";
				SWIFT_EMIT_LOC_STRINGS = NO;
				SWIFT_VERSION = 5.0;
				TARGETED_DEVICE_FAMILY = "1,2";
				TEST_TARGET_NAME = Markeet;
			};
			name = Release;
		};
/* End XCBuildConfiguration section */

/* Begin XCConfigurationList section */
		28A1A2CE2FBED7BD003EBF0B /* Build configuration list for PBXProject "Markeet" */ = {
			isa = XCConfigurationList;
			buildConfigurations = (
				28A1A2F52FBED7BE003EBF0B /* Debug */,
				28A1A2F62FBED7BE003EBF0B /* Release */,
			);
			defaultConfigurationIsVisible = 0;
			defaultConfigurationName = Release;
		};
		28A1A2F72FBED7BE003EBF0B /* Build configuration list for PBXNativeTarget "Markeet" */ = {
			isa = XCConfigurationList;
			buildConfigurations = (
				28A1A2F82FBED7BE003EBF0B /* Debug */,
				28A1A2F92FBED7BE003EBF0B /* Release */,
			);
			defaultConfigurationIsVisible = 0;
			defaultConfigurationName = Release;
		};
		28A1A2FA2FBED7BE003EBF0B /* Build configuration list for PBXNativeTarget "MarkeetTests" */ = {
			isa = XCConfigurationList;
			buildConfigurations = (
				28A1A2FB2FBED7BE003EBF0B /* Debug */,
				28A1A2FC2FBED7BE003EBF0B /* Release */,
			);
			defaultConfigurationIsVisible = 0;
			defaultConfigurationName = Release;
		};
		28A1A2FD2FBED7BE003EBF0B /* Build configuration list for PBXNativeTarget "MarkeetUITests" */ = {
			isa = XCConfigurationList;
			buildConfigurations = (
				28A1A2FE2FBED7BE003EBF0B /* Debug */,
				28A1A2FF2FBED7BE003EBF0B /* Release */,
			);
			defaultConfigurationIsVisible = 0;
			defaultConfigurationName = Release;
		};
/* End XCConfigurationList section */
	};
	rootObject = 28A1A2CB2FBED7BD003EBF0B /* Project object */;
}
